
Microsoft Visual Studio Solution File, Format Version 12.00
# Visual Studio Version 16
VisualStudioVersion = 16.0.30523.141
MinimumVisualStudioVersion = 10.0.40219.1
Project("{FAE04EC0-301F-11D3-BF4B-00C04F79EFBC}") = "Fibaro Control", "Fibaro Control\Fibaro Control.csproj", "{60521503-35A2-4AE0-B515-483346ABD196}"
EndProject
Global
	GlobalSection(SolutionConfigurationPlatforms) = preSolution
		Debug|Any CPU = Debug|Any CPU
		Release|Any CPU = Release|Any CPU
	EndGlobalSection
	GlobalSection(ProjectConfigurationPlatforms) = postSolution
		{60521503-35A2-4AE0-B515-483346ABD196}.Debug|Any CPU.ActiveCfg = Debug|Any CPU
		{60521503-35A2-4AE0-B515-483346ABD196}.Debug|Any CPU.Build.0 = Debug|Any CPU
		{60521503-35A2-4AE0-B515-483346ABD196}.Release|Any CPU.ActiveCfg = Release|Any CPU
		{60521503-35A2-4AE0-B515-483346ABD196}.Release|Any CPU.Build.0 = Release|Any CPU
	EndGlobalSection
	GlobalSection(SolutionProperties) = preSolution
		HideSolutionNode = FALSE
	EndGlobalSection
	GlobalSection(ExtensibilityGlobals) = postSolution
		SolutionGuid = {788195C3-FCFC-440E-93EB-DA3CF06A0F61}
	EndGlobalSection
EndGlobal
